
Microsoft Visual Studio Solution File, Format Version 12.00
# Visual Studio Version 16
VisualStudioVersion = 16.0.30804.86
MinimumVisualStudioVersion = 10.0.40219.1
Project("{FAE04EC0-301F-11D3-BF4B-00C04F79EFBC}") = "KonsolProjekt", "KonsolProjekt\KonsolProjekt.csproj", "{C65E658A-69B9-471F-B126-7BA574A2CE33}"
EndProject
Global
	GlobalSection(SolutionConfigurationPlatforms) = preSolution
		Debug|Any CPU = Debug|Any CPU
		Release|Any CPU = Release|Any CPU
	EndGlobalSection
	GlobalSection(ProjectConfigurationPlatforms) = postSolution
		{C65E658A-69B9-471F-B126-7BA574A2CE33}.Debug|Any CPU.ActiveCfg = Debug|Any CPU
		{C65E658A-69B9-471F-B126-7BA574A2CE33}.Debug|Any CPU.Build.0 = Debug|Any CPU
		{C65E658A-69B9-471F-B126-7BA574A2CE33}.Release|Any CPU.ActiveCfg = Release|Any CPU
		{C65E658A-69B9-471F-B126-7BA574A2CE33}.Release|Any CPU.Build.0 = Release|Any CPU
	EndGlobalSection
	GlobalSection(SolutionProperties) = preSolution
		HideSolutionNode = FALSE
	EndGlobalSection
	GlobalSection(ExtensibilityGlobals) = postSolution
		SolutionGuid = {45C94848-F551-4B10-A1C6-D578DBF891B6}
	EndGlobalSection
EndGlobal
